// !$*UTF8*$!
{
	archiveVersion = 1;
	classes = {
	};
	objectVersion = 50;
	objects = {

/* Begin PBXBuildFile section */
		84CBF95424FE600300900B22 /* AppDelegate.swift in Sources */ = {isa = PBXBuildFile; fileRef = 84CBF95324FE600300900B22 /* AppDelegate.swift */; };
		84CBF95624FE600300900B22 /* SceneDelegate.swift in Sources */ = {isa = PBXBuildFile; fileRef = 84CBF95524FE600300900B22 /* SceneDelegate.swift */; };
		84CBF95824FE600300900B22 /* ContentView.swift in Sources */ = {isa = PBXBuildFile; fileRef = 84CBF95724FE600300900B22 /* ContentView.swift */; };
		84CBF95A24FE600900900B22 /* Assets.xcassets in Resources */ = {isa = PBXBuildFile; fileRef = 84CBF95924FE600900900B22 /* Assets.xcassets */; };
		84CBF95D24FE600900900B22 /* Preview Assets.xcassets in Resources */ = {isa = PBXBuildFile; fileRef = 84CBF95C24FE600900900B22 /* Preview Assets.xcassets */; };
		84CBF96024FE600900900B22 /* LaunchScreen.storyboard in Resources */ = {isa = PBXBuildFile; fileRef = 84CBF95E24FE600900900B22 /* LaunchScreen.storyboard */; };
		84CBF96B24FE600900900B22 /* Covid19AppTests.swift in Sources */ = {isa = PBXBuildFile; fileRef = 84CBF96A24FE600900900B22 /* Covid19AppTests.swift */; };
		84CBF97624FE600900900B22 /* Covid19AppUITests.swift in Sources */ = {isa = PBXBuildFile; fileRef = 84CBF97524FE600900900B22 /* Covid19AppUITests.swift */; };
		84CBF98424FE61EF00900B22 /* Countries.swift in Sources */ = {isa = PBXBuildFile; fileRef = 84CBF98324FE61EF00900B22 /* Countries.swift */; };
/* End PBXBuildFile section */

/* Begin PBXContainerItemProxy section */
		84CBF96724FE600900900B22 /* PBXContainerItemProxy */ = {
			isa = PBXContainerItemProxy;
			containerPortal = 84CBF94824FE600300900B22 /* Project object */;
			proxyType = 1;
			remoteGlobalIDString = 84CBF94F24FE600300900B22;
			remoteInfo = Covid19App;
		};
		84CBF97224FE600900900B22 /* PBXContainerItemProxy */ = {
			isa = PBXContainerItemProxy;
			containerPortal = 84CBF94824FE600300900B22 /* Project object */;
			proxyType = 1;
			remoteGlobalIDString = 84CBF94F24FE600300900B22;
			remoteInfo = Covid19App;
		};
/* End PBXContainerItemProxy section */

/* Begin PBXFileReference section */
		84CBF95024FE600300900B22 /* Covid19App.app */ = {isa = PBXFileReference; explicitFileType = wrapper.application; includeInIndex = 0; path = Covid19App.app; sourceTree = BUILT_PRODUCTS_DIR; };
		84CBF95324FE600300900B22 /* AppDelegate.swift */ = {isa = PBXFileReference; lastKnownFileType = sourcecode.swift; path = AppDelegate.swift; sourceTree = "<group>"; };
		84CBF95524FE600300900B22 /* SceneDelegate.swift */ = {isa = PBXFileReference; lastKnownFileType = sourcecode.swift; path = SceneDelegate.swift; sourceTree = "<group>"; };
		84CBF95724FE600300900B22 /* ContentView.swift */ = {isa = PBXFileReference; lastKnownFileType = sourcecode.swift; path = ContentView.swift; sourceTree = "<group>"; };
		84CBF95924FE600900900B22 /* Assets.xcassets */ = {isa = PBXFileReference; lastKnownFileType = folder.assetcatalog; path = Assets.xcassets; sourceTree = "<group>"; };
		84CBF95C24FE600900900B22 /* Preview Assets.xcassets */ = {isa = PBXFileReference; lastKnownFileType = folder.assetcatalog; path = "Preview Assets.xcassets"; sourceTree = "<group>"; };
		84CBF95F24FE600900900B22 /* Base */ = {isa = PBXFileReference; lastKnownFileType = file.storyboard; name = Base; path = Base.lproj/LaunchScreen.storyboard; sourceTree = "<group>"; };
		84CBF96124FE600900900B22 /* Info.plist */ = {isa = PBXFileReference; lastKnownFileType = text.plist.xml; path = Info.plist; sourceTree = "<group>"; };
		84CBF96624FE600900900B22 /* Covid19AppTests.xctest */ = {isa = PBXFileReference; explicitFileType = wrapper.cfbundle; includeInIndex = 0; path = Covid19AppTests.xctest; sourceTree = BUILT_PRODUCTS_DIR; };
		84CBF96A24FE600900900B22 /* Covid19AppTests.swift */ = {isa = PBXFileReference; lastKnownFileType = sourcecode.swift; path = Covid19AppTests.swift; sourceTree = "<group>"; };
		84CBF96C24FE600900900B22 /* Info.plist */ = {isa = PBXFileReference; lastKnownFileType = text.plist.xml; path = Info.plist; sourceTree = "<group>"; };
		84CBF97124FE600900900B22 /* Covid19AppUITests.xctest */ = {isa = PBXFileReference; explicitFileType = wrapper.cfbundle; includeInIndex = 0; path = Covid19AppUITests.xctest; sourceTree = BUILT_PRODUCTS_DIR; };
		84CBF97524FE600900900B22 /* Covid19AppUITests.swift */ = {isa = PBXFileReference; lastKnownFileType = sourcecode.swift; path = Covid19AppUITests.swift; sourceTree = "<group>"; };
		84CBF97724FE600900900B22 /* Info.plist */ = {isa = PBXFileReference; lastKnownFileType = text.plist.xml; path = Info.plist; sourceTree = "<group>"; };
		84CBF98324FE61EF00900B22 /* Countries.swift */ = {isa = PBXFileReference; fileEncoding = 4; lastKnownFileType = sourcecode.swift; path = Countries.swift; sourceTree = "<group>"; };
/* End PBXFileReference section */

/* Begin PBXFrameworksBuildPhase section */
		84CBF94D24FE600300900B22 /* Frameworks */ = {
			isa = PBXFrameworksBuildPhase;
			buildActionMask = 2147483647;
			files = (
			);
			runOnlyForDeploymentPostprocessing = 0;
		};
		84CBF96324FE600900900B22 /* Frameworks */ = {
			isa = PBXFrameworksBuildPhase;
			buildActionMask = 2147483647;
			files = (
			);
			runOnlyForDeploymentPostprocessing = 0;
		};
		84CBF96E24FE600900900B22 /* Frameworks */ = {
			isa = PBXFrameworksBuildPhase;
			buildActionMask = 2147483647;
			files = (
			);
			runOnlyForDeploymentPostprocessing = 0;
		};
/* End PBXFrameworksBuildPhase section */

/* Begin PBXGroup section */
		84CBF94724FE600300900B22 = {
			isa = PBXGroup;
			children = (
				84CBF95224FE600300900B22 /* Covid19App */,
				84CBF96924FE600900900B22 /* Covid19AppTests */,
				84CBF97424FE600900900B22 /* Covid19AppUITests */,
				84CBF95124FE600300900B22 /* Products */,
			);
			sourceTree = "<group>";
		};
		84CBF95124FE600300900B22 /* Products */ = {
			isa = PBXGroup;
			children = (
				84CBF95024FE600300900B22 /* Covid19App.app */,
				84CBF96624FE600900900B22 /* Covid19AppTests.xctest */,
				84CBF97124FE600900900B22 /* Covid19AppUITests.xctest */,
			);
			name = Products;
			sourceTree = "<group>";
		};
		84CBF95224FE600300900B22 /* Covid19App */ = {
			isa = PBXGroup;
			children = (
				84CBF95324FE600300900B22 /* AppDelegate.swift */,
				84CBF95524FE600300900B22 /* SceneDelegate.swift */,
				84CBF95724FE600300900B22 /* ContentView.swift */,
				84CBF95924FE600900900B22 /* Assets.xcassets */,
				84CBF95E24FE600900900B22 /* LaunchScreen.storyboard */,
				84CBF96124FE600900900B22 /* Info.plist */,
				84CBF95B24FE600900900B22 /* Preview Content */,
			);
			path = Covid19App;
			sourceTree = "<group>";
		};
		84CBF95B24FE600900900B22 /* Preview Content */ = {
			isa = PBXGroup;
			children = (
				84CBF98324FE61EF00900B22 /* Countries.swift */,
				84CBF95C24FE600900900B22 /* Preview Assets.xcassets */,
			);
			path = "Preview Content";
			sourceTree = "<group>";
		};
		84CBF96924FE600900900B22 /* Covid19AppTests */ = {
			isa = PBXGroup;
			children = (
				84CBF96A24FE600900900B22 /* Covid19AppTests.swift */,
				84CBF96C24FE600900900B22 /* Info.plist */,
			);
			path = Covid19AppTests;
			sourceTree = "<group>";
		};
		84CBF97424FE600900900B22 /* Covid19AppUITests */ = {
			isa = PBXGroup;
			children = (
				84CBF97524FE600900900B22 /* Covid19AppUITests.swift */,
				84CBF97724FE600900900B22 /* Info.plist */,
			);
			path = Covid19AppUITests;
			sourceTree = "<group>";
		};
/* End PBXGroup section */

/* Begin PBXNativeTarget section */
		84CBF94F24FE600300900B22 /* Covid19App */ = {
			isa = PBXNativeTarget;
			buildConfigurationList = 84CBF97A24FE600900900B22 /* Build configuration list for PBXNativeTarget "Covid19App" */;
			buildPhases = (
				84CBF94C24FE600300900B22 /* Sources */,
				84CBF94D24FE600300900B22 /* Frameworks */,
				84CBF94E24FE600300900B22 /* Resources */,
			);
			buildRules = (
			);
			dependencies = (
			);
			name = Covid19App;
			productName = Covid19App;
			productReference = 84CBF95024FE600300900B22 /* Covid19App.app */;
			productType = "com.apple.product-type.application";
		};
		84CBF96524FE600900900B22 /* Covid19AppTests */ = {
			isa = PBXNativeTarget;
			buildConfigurationList = 84CBF97D24FE600900900B22 /* Build configuration list for PBXNativeTarget "Covid19AppTests" */;
			buildPhases = (
				84CBF96224FE600900900B22 /* Sources */,
				84CBF96324FE600900900B22 /* Frameworks */,
				84CBF96424FE600900900B22 /* Resources */,
			);
			buildRules = (
			);
			dependencies = (
				84CBF96824FE600900900B22 /* PBXTargetDependency */,
			);
			name = Covid19AppTests;
			productName = Covid19AppTests;
			productReference = 84CBF96624FE600900900B22 /* Covid19AppTests.xctest */;
			productType = "com.apple.product-type.bundle.unit-test";
		};
		84CBF97024FE600900900B22 /* Covid19AppUITests */ = {
			isa = PBXNativeTarget;
			buildConfigurationList = 84CBF98024FE600900900B22 /* Build configuration list for PBXNativeTarget "Covid19AppUITests" */;
			buildPhases = (
				84CBF96D24FE600900900B22 /* Sources */,
				84CBF96E24FE600900900B22 /* Frameworks */,
				84CBF96F24FE600900900B22 /* Resources */,
			);
			buildRules = (
			);
			dependencies = (
				84CBF97324FE600900900B22 /* PBXTargetDependency */,
			);
			name = Covid19AppUITests;
			productName = Covid19AppUITests;
			productReference = 84CBF97124FE600900900B22 /* Covid19AppUITests.xctest */;
			productType = "com.apple.product-type.bundle.ui-testing";
		};
/* End PBXNativeTarget section */

/* Begin PBXProject section */
		84CBF94824FE600300900B22 /* Project object */ = {
			isa = PBXProject;
			attributes = {
				LastSwiftUpdateCheck = 1130;
				LastUpgradeCheck = 1130;
				ORGANIZATIONNAME = Admin;
				TargetAttributes = {
					84CBF94F24FE600300900B22 = {
						CreatedOnToolsVersion = 11.3.1;
					};
					84CBF96524FE600900900B22 = {
						CreatedOnToolsVersion = 11.3.1;
						TestTargetID = 84CBF94F24FE600300900B22;
					};
					84CBF97024FE600900900B22 = {
						CreatedOnToolsVersion = 11.3.1;
						TestTargetID = 84CBF94F24FE600300900B22;
					};
				};
			};
			buildConfigurationList = 84CBF94B24FE600300900B22 /* Build configuration list for PBXProject "Covid19App" */;
			compatibilityVersion = "Xcode 9.3";
			developmentRegion = en;
			hasScannedForEncodings = 0;
			knownRegions = (
				en,
				Base,
			);
			mainGroup = 84CBF94724FE600300900B22;
			productRefGroup = 84CBF95124FE600300900B22 /* Products */;
			projectDirPath = "";
			projectRoot = "";
			targets = (
				84CBF94F24FE600300900B22 /* Covid19App */,
				84CBF96524FE600900900B22 /* Covid19AppTests */,
				84CBF97024FE600900900B22 /* Covid19AppUITests */,
			);
		};
/* End PBXProject section */

/* Begin PBXResourcesBuildPhase section */
		84CBF94E24FE600300900B22 /* Resources */ = {
			isa = PBXResourcesBuildPhase;
			buildActionMask = 2147483647;
			files = (
				84CBF96024FE600900900B22 /* LaunchScreen.storyboard in Resources */,
				84CBF95D24FE600900900B22 /* Preview Assets.xcassets in Resources */,
				84CBF95A24FE600900900B22 /* Assets.xcassets in Resources */,
			);
			runOnlyForDeploymentPostprocessing = 0;
		};
		84CBF96424FE600900900B22 /* Resources */ = {
			isa = PBXResourcesBuildPhase;
			buildActionMask = 2147483647;
			files = (
			);
			runOnlyForDeploymentPostprocessing = 0;
		};
		84CBF96F24FE600900900B22 /* Resources */ = {
			isa = PBXResourcesBuildPhase;
			buildActionMask = 2147483647;
			files = (
			);
			runOnlyForDeploymentPostprocessing = 0;
		};
/* End PBXResourcesBuildPhase section */

/* Begin PBXSourcesBuildPhase section */
		84CBF94C24FE600300900B22 /* Sources */ = {
			isa = PBXSourcesBuildPhase;
			buildActionMask = 2147483647;
			files = (
				84CBF95424FE600300900B22 /* AppDelegate.swift in Sources */,
				84CBF95624FE600300900B22 /* SceneDelegate.swift in Sources */,
				84CBF98424FE61EF00900B22 /* Countries.swift in Sources */,
				84CBF95824FE600300900B22 /* ContentView.swift in Sources */,
			);
			runOnlyForDeploymentPostprocessing = 0;
		};
		84CBF96224FE600900900B22 /* Sources */ = {
			isa = PBXSourcesBuildPhase;
			buildActionMask = 2147483647;
			files = (
				84CBF96B24FE600900900B22 /* Covid19AppTests.swift in Sources */,
			);
			runOnlyForDeploymentPostprocessing = 0;
		};
		84CBF96D24FE600900900B22 /* Sources */ = {
			isa = PBXSourcesBuildPhase;
			buildActionMask = 2147483647;
			files = (
				84CBF97624FE600900900B22 /* Covid19AppUITests.swift in Sources */,
			);
			runOnlyForDeploymentPostprocessing = 0;
		};
/* End PBXSourcesBuildPhase section */

/* Begin PBXTargetDependency section */
		84CBF96824FE600900900B22 /* PBXTargetDependency */ = {
			isa = PBXTargetDependency;
			target = 84CBF94F24FE600300900B22 /* Covid19App */;
			targetProxy = 84CBF96724FE600900900B22 /* PBXContainerItemProxy */;
		};
		84CBF97324FE600900900B22 /* PBXTargetDependency */ = {
			isa = PBXTargetDependency;
			target = 84CBF94F24FE600300900B22 /* Covid19App */;
			targetProxy = 84CBF97224FE600900900B22 /* PBXContainerItemProxy */;
		};
/* End PBXTargetDependency section */

/* Begin PBXVariantGroup section */
		84CBF95E24FE600900900B22 /* LaunchScreen.storyboard */ = {
			isa = PBXVariantGroup;
			children = (
				84CBF95F24FE600900900B22 /* Base */,
			);
			name = LaunchScreen.storyboard;
			sourceTree = "<group>";
		};
/* End PBXVariantGroup section */

/* Begin XCBuildConfiguration section */
		84CBF97824FE600900900B22 /* Debug */ = {
			isa = XCBuildConfiguration;
			buildSettings = {
				ALWAYS_SEARCH_USER_PATHS = NO;
				CLANG_ANALYZER_NONNULL = YES;
				CLANG_ANALYZER_NUMBER_OBJECT_CONVERSION = YES_AGGRESSIVE;
				CLANG_CXX_LANGUAGE_STANDARD = "gnu++14";
				CLANG_CXX_LIBRARY = "libc++";
				CLANG_ENABLE_MODULES = YES;
				CLANG_ENABLE_OBJC_ARC = YES;
				CLANG_ENABLE_OBJC_WEAK = YES;
				CLANG_WARN_BLOCK_CAPTURE_AUTORELEASING = YES;
				CLANG_WARN_BOOL_CONVERSION = YES;
				CLANG_WARN_COMMA = YES;
				CLANG_WARN_CONSTANT_CONVERSION = YES;
				CLANG_WARN_DEPRECATED_OBJC_IMPLEMENTATIONS = YES;
				CLANG_WARN_DIRECT_OBJC_ISA_USAGE = YES_ERROR;
				CLANG_WARN_DOCUMENTATION_COMMENTS = YES;
				CLANG_WARN_EMPTY_BODY = YES;
				CLANG_WARN_ENUM_CONVERSION = YES;
				CLANG_WARN_INFINITE_RECURSION = YES;
				CLANG_WARN_INT_CONVERSION = YES;
				CLANG_WARN_NON_LITERAL_NULL_CONVERSION = YES;
				CLANG_WARN_OBJC_IMPLICIT_RETAIN_SELF = YES;
				CLANG_WARN_OBJC_LITERAL_CONVERSION = YES;
				CLANG_WARN_OBJC_ROOT_CLASS = YES_ERROR;
				CLANG_WARN_RANGE_LOOP_ANALYSIS = YES;
				CLANG_WARN_STRICT_PROTOTYPES = YES;
				CLANG_WARN_SUSPICIOUS_MOVE = YES;
				CLANG_WARN_UNGUARDED_AVAILABILITY = YES_AGGRESSIVE;
				CLANG_WARN_UNREACHABLE_CODE = YES;
				CLANG_WARN__DUPLICATE_METHOD_MATCH = YES;
				COPY_PHASE_STRIP = NO;
				DEBUG_INFORMATION_FORMAT = dwarf;
				ENABLE_STRICT_OBJC_MSGSEND = YES;
				ENABLE_TESTABILITY = YES;
				GCC_C_LANGUAGE_STANDARD = gnu11;
				GCC_DYNAMIC_NO_PIC = NO;
				GCC_NO_COMMON_BLOCKS = YES;
				GCC_OPTIMIZATION_LEVEL = 0;
				GCC_PREPROCESSOR_DEFINITIONS = (
					"DEBUG=1",
					"$(inherited)",
				);
				GCC_WARN_64_TO_32_BIT_CONVERSION = YES;
				GCC_WARN_ABOUT_RETURN_TYPE = YES_ERROR;
				GCC_WARN_UNDECLARED_SELECTOR = YES;
				GCC_WARN_UNINITIALIZED_AUTOS = YES_AGGRESSIVE;
				GCC_WARN_UNUSED_FUNCTION = YES;
				GCC_WARN_UNUSED_VARIABLE = YES;
				IPHONEOS_DEPLOYMENT_TARGET = 13.2;
				MTL_ENABLE_DEBUG_INFO = INCLUDE_SOURCE;
				MTL_FAST_MATH = YES;
				ONLY_ACTIVE_ARCH = YES;
				SDKROOT = iphoneos;
				SWIFT_ACTIVE_COMPILATION_CONDITIONS = DEBUG;
				SWIFT_OPTIMIZATION_LEVEL = "-Onone";
			};
			name = Debug;
		};
		84CBF97924FE600900900B22 /* Release */ = {
			isa = XCBuildConfiguration;
			buildSettings = {
				ALWAYS_SEARCH_USER_PATHS = NO;
				CLANG_ANALYZER_NONNULL = YES;
				CLANG_ANALYZER_NUMBER_OBJECT_CONVERSION = YES_AGGRESSIVE;
				CLANG_CXX_LANGUAGE_STANDARD = "gnu++14";
				CLANG_CXX_LIBRARY = "libc++";
				CLANG_ENABLE_MODULES = YES;
				CLANG_ENABLE_OBJC_ARC = YES;
				CLANG_ENABLE_OBJC_WEAK = YES;
				CLANG_WARN_BLOCK_CAPTURE_AUTORELEASING = YES;
				CLANG_WARN_BOOL_CONVERSION = YES;
				CLANG_WARN_COMMA = YES;
				CLANG_WARN_CONSTANT_CONVERSION = YES;
				CLANG_WARN_DEPRECATED_OBJC_IMPLEMENTATIONS = YES;
				CLANG_WARN_DIRECT_OBJC_ISA_USAGE = YES_ERROR;
				CLANG_WARN_DOCUMENTATION_COMMENTS = YES;
				CLANG_WARN_EMPTY_BODY = YES;
				CLANG_WARN_ENUM_CONVERSION = YES;
				CLANG_WARN_INFINITE_RECURSION = YES;
				CLANG_WARN_INT_CONVERSION = YES;
				CLANG_WARN_NON_LITERAL_NULL_CONVERSION = YES;
				CLANG_WARN_OBJC_IMPLICIT_RETAIN_SELF = YES;
				CLANG_WARN_OBJC_LITERAL_CONVERSION = YES;
				CLANG_WARN_OBJC_ROOT_CLASS = YES_ERROR;
				CLANG_WARN_RANGE_LOOP_ANALYSIS = YES;
				CLANG_WARN_STRICT_PROTOTYPES = YES;
				CLANG_WARN_SUSPICIOUS_MOVE = YES;
				CLANG_WARN_UNGUARDED_AVAILABILITY = YES_AGGRESSIVE;
				CLANG_WARN_UNREACHABLE_CODE = YES;
				CLANG_WARN__DUPLICATE_METHOD_MATCH = YES;
				COPY_PHASE_STRIP = NO;
				DEBUG_INFORMATION_FORMAT = "dwarf-with-dsym";
				ENABLE_NS_ASSERTIONS = NO;
				ENABLE_STRICT_OBJC_MSGSEND = YES;
				GCC_C_LANGUAGE_STANDARD = gnu11;
				GCC_NO_COMMON_BLOCKS = YES;
				GCC_WARN_64_TO_32_BIT_CONVERSION = YES;
				GCC_WARN_ABOUT_RETURN_TYPE = YES_ERROR;
				GCC_WARN_UNDECLARED_SELECTOR = YES;
				GCC_WARN_UNINITIALIZED_AUTOS = YES_AGGRESSIVE;
				GCC_WARN_UNUSED_FUNCTION = YES;
				GCC_WARN_UNUSED_VARIABLE = YES;
				IPHONEOS_DEPLOYMENT_TARGET = 13.2;
				MTL_ENABLE_DEBUG_INFO = NO;
				MTL_FAST_MATH = YES;
				SDKROOT = iphoneos;
				SWIFT_COMPILATION_MODE = wholemodule;
				SWIFT_OPTIMIZATION_LEVEL = "-O";
				VALIDATE_PRODUCT = YES;
			};
			name = Release;
		};
		84CBF97B24FE600900900B22 /* Debug */ = {
			isa = XCBuildConfiguration;
			buildSettings = {
				ASSETCATALOG_COMPILER_APPICON_NAME = AppIcon;
				CODE_SIGN_STYLE = Automatic;
				DEVELOPMENT_ASSET_PATHS = "\"Covid19App/Preview Content\"";
				DEVELOPMENT_TEAM = LJU967HU58;
				ENABLE_PREVIEWS = YES;
				INFOPLIST_FILE = Covid19App/Info.plist;
				LD_RUNPATH_SEARCH_PATHS = (
					"$(inherited)",
					"@executable_path/Frameworks",
				);
				PRODUCT_BUNDLE_IDENTIFIER = com.ProjectMac.Covid19App;
				PRODUCT_NAME = "$(TARGET_NAME)";
				SWIFT_VERSION = 5.0;
				TARGETED_DEVICE_FAMILY = "1,2";
			};
			name = Debug;
		};
		84CBF97C24FE600900900B22 /* Release */ = {
			isa = XCBuildConfiguration;
			buildSettings = {
				ASSETCATALOG_COMPILER_APPICON_NAME = AppIcon;
				CODE_SIGN_STYLE = Automatic;
				DEVELOPMENT_ASSET_PATHS = "\"Covid19App/Preview Content\"";
				DEVELOPMENT_TEAM = LJU967HU58;
				ENABLE_PREVIEWS = YES;
				INFOPLIST_FILE = Covid19App/Info.plist;
				LD_RUNPATH_SEARCH_PATHS = (
					"$(inherited)",
					"@executable_path/Frameworks",
				);
				PRODUCT_BUNDLE_IDENTIFIER = com.ProjectMac.Covid19App;
				PRODUCT_NAME = "$(TARGET_NAME)";
				SWIFT_VERSION = 5.0;
				TARGETED_DEVICE_FAMILY = "1,2";
			};
			name = Release;
		};
		84CBF97E24FE600900900B22 /* Debug */ = {
			isa = XCBuildConfiguration;
			buildSettings = {
				ALWAYS_EMBED_SWIFT_STANDARD_LIBRARIES = YES;
				BUNDLE_LOADER = "$(TEST_HOST)";
				CODE_SIGN_STYLE = Automatic;
				DEVELOPMENT_TEAM = LJU967HU58;
				INFOPLIST_FILE = Covid19AppTests/Info.plist;
				IPHONEOS_DEPLOYMENT_TARGET = 13.2;
				LD_RUNPATH_SEARCH_PATHS = (
					"$(inherited)",
					"@executable_path/Frameworks",
					"@loader_path/Frameworks",
				);
				PRODUCT_BUNDLE_IDENTIFIER = com.ProjectMac.Covid19AppTests;
				PRODUCT_NAME = "$(TARGET_NAME)";
				SWIFT_VERSION = 5.0;
				TARGETED_DEVICE_FAMILY = "1,2";
				TEST_HOST = "$(BUILT_PRODUCTS_DIR)/Covid19App.app/Covid19App";
			};
			name = Debug;
		};
		84CBF97F24FE600900900B22 /* Release */ = {
			isa = XCBuildConfiguration;
			buildSettings = {
				ALWAYS_EMBED_SWIFT_STANDARD_LIBRARIES = YES;
				BUNDLE_LOADER = "$(TEST_HOST)";
				CODE_SIGN_STYLE = Automatic;
				DEVELOPMENT_TEAM = LJU967HU58;
				INFOPLIST_FILE = Covid19AppTests/Info.plist;
				IPHONEOS_DEPLOYMENT_TARGET = 13.2;
				LD_RUNPATH_SEARCH_PATHS = (
					"$(inherited)",
					"@executable_path/Frameworks",
					"@loader_path/Frameworks",
				);
				PRODUCT_BUNDLE_IDENTIFIER = com.ProjectMac.Covid19AppTests;
				PRODUCT_NAME = "$(TARGET_NAME)";
				SWIFT_VERSION = 5.0;
				TARGETED_DEVICE_FAMILY = "1,2";
				TEST_HOST = "$(BUILT_PRODUCTS_DIR)/Covid19App.app/Covid19App";
			};
			name = Release;
		};
		84CBF98124FE600900900B22 /* Debug */ = {
			isa = XCBuildConfiguration;
			buildSettings = {
				ALWAYS_EMBED_SWIFT_STANDARD_LIBRARIES = YES;
				CODE_SIGN_STYLE = Automatic;
				DEVELOPMENT_TEAM = LJU967HU58;
				INFOPLIST_FILE = Covid19AppUITests/Info.plist;
				LD_RUNPATH_SEARCH_PATHS = (
					"$(inherited)",
					"@executable_path/Frameworks",
					"@loader_path/Frameworks",
				);
				PRODUCT_BUNDLE_IDENTIFIER = com.ProjectMac.Covid19AppUITests;
				PRODUCT_NAME = "$(TARGET_NAME)";
				SWIFT_VERSION = 5.0;
				TARGETED_DEVICE_FAMILY = "1,2";
				TEST_TARGET_NAME = Covid19App;
			};
			name = Debug;
		};
		84CBF98224FE600900900B22 /* Release */ = {
			isa = XCBuildConfiguration;
			buildSettings = {
				ALWAYS_EMBED_SWIFT_STANDARD_LIBRARIES = YES;
				CODE_SIGN_STYLE = Automatic;
				DEVELOPMENT_TEAM = LJU967HU58;
				INFOPLIST_FILE = Covid19AppUITests/Info.plist;
				LD_RUNPATH_SEARCH_PATHS = (
					"$(inherited)",
					"@executable_path/Frameworks",
					"@loader_path/Frameworks",
				);
				PRODUCT_BUNDLE_IDENTIFIER = com.ProjectMac.Covid19AppUITests;
				PRODUCT_NAME = "$(TARGET_NAME)";
				SWIFT_VERSION = 5.0;
				TARGETED_DEVICE_FAMILY = "1,2";
				TEST_TARGET_NAME = Covid19App;
			};
			name = Release;
		};
/* End XCBuildConfiguration section */

/* Begin XCConfigurationList section */
		84CBF94B24FE600300900B22 /* Build configuration list for PBXProject "Covid19App" */ = {
			isa = XCConfigurationList;
			buildConfigurations = (
				84CBF97824FE600900900B22 /* Debug */,
				84CBF97924FE600900900B22 /* Release */,
			);
			defaultConfigurationIsVisible = 0;
			defaultConfigurationName = Release;
		};
		84CBF97A24FE600900900B22 /* Build configuration list for PBXNativeTarget "Covid19App" */ = {
			isa = XCConfigurationList;
			buildConfigurations = (
				84CBF97B24FE600900900B22 /* Debug */,
				84CBF97C24FE600900900B22 /* Release */,
			);
			defaultConfigurationIsVisible = 0;
			defaultConfigurationName = Release;
		};
		84CBF97D24FE600900900B22 /* Build configuration list for PBXNativeTarget "Covid19AppTests" */ = {
			isa = XCConfigurationList;
			buildConfigurations = (
				84CBF97E24FE600900900B22 /* Debug */,
				84CBF97F24FE600900900B22 /* Release */,
			);
			defaultConfigurationIsVisible = 0;
			defaultConfigurationName = Release;
		};
		84CBF98024FE600900900B22 /* Build configuration list for PBXNativeTarget "Covid19AppUITests" */ = {
			isa = XCConfigurationList;
			buildConfigurations = (
				84CBF98124FE600900900B22 /* Debug */,
				84CBF98224FE600900900B22 /* Release */,
			);
			defaultConfigurationIsVisible = 0;
			defaultConfigurationName = Release;
		};
/* End XCConfigurationList section */
	};
	rootObject = 84CBF94824FE600300900B22 /* Project object */;
}
